
Microsoft Visual Studio Solution File, Format Version 12.00
# Visual Studio Version 17
VisualStudioVersion = 17.14.36603.0 d17.14
MinimumVisualStudioVersion = 10.0.40219.1
Project("{FAE04EC0-301F-11D3-BF4B-00C04F79EFBC}") = "Api.Tienda", "Api.Tienda.csproj", "{0FE123B1-19C8-418D-A01C-E1AA4FA8F937}"
EndProject
Project("{54A90642-561A-4BB1-A94E-469ADEE60C69}") = "FrontTienda", "..\FrontTienda\FrontTienda.esproj", "{58774370-08A7-B68A-EE10-13CF833C42A5}"
EndProject
Project("{FAE04EC0-301F-11D3-BF4B-00C04F79EFBC}") = "BussinessLogic", "..\BussinessLogic\BussinessLogic.csproj", "{FE3FD025-540A-4411-A81F-AF3C4303EF98}"
EndProject
Project("{FAE04EC0-301F-11D3-BF4B-00C04F79EFBC}") = "Entities", "..\Entities\Entities.csproj", "{0FE33ED8-D8CC-4586-8A3D-290E44DE7EB7}"
EndProject
Project("{FAE04EC0-301F-11D3-BF4B-00C04F79EFBC}") = "DataAccess", "..\DataAccess\DataAccess.csproj", "{0D091E66-350C-4EB0-B3D4-B63786ADA84F}"
EndProject
Global
	GlobalSection(SolutionConfigurationPlatforms) = preSolution
		Debug|Any CPU = Debug|Any CPU
		Release|Any CPU = Release|Any CPU
	EndGlobalSection
	GlobalSection(ProjectConfigurationPlatforms) = postSolution
		{0FE123B1-19C8-418D-A01C-E1AA4FA8F937}.Debug|Any CPU.ActiveCfg = Debug|Any CPU
		{0FE123B1-19C8-418D-A01C-E1AA4FA8F937}.Debug|Any CPU.Build.0 = Debug|Any CPU
		{0FE123B1-19C8-418D-A01C-E1AA4FA8F937}.Release|Any CPU.ActiveCfg = Release|Any CPU
		{0FE123B1-19C8-418D-A01C-E1AA4FA8F937}.Release|Any CPU.Build.0 = Release|Any CPU
		{58774370-08A7-B68A-EE10-13CF833C42A5}.Debug|Any CPU.ActiveCfg = Debug|Any CPU
		{58774370-08A7-B68A-EE10-13CF833C42A5}.Debug|Any CPU.Build.0 = Debug|Any CPU
		{58774370-08A7-B68A-EE10-13CF833C42A5}.Debug|Any CPU.Deploy.0 = Debug|Any CPU
		{58774370-08A7-B68A-EE10-13CF833C42A5}.Release|Any CPU.ActiveCfg = Release|Any CPU
		{58774370-08A7-B68A-EE10-13CF833C42A5}.Release|Any CPU.Build.0 = Release|Any CPU
		{58774370-08A7-B68A-EE10-13CF833C42A5}.Release|Any CPU.Deploy.0 = Release|Any CPU
		{FE3FD025-540A-4411-A81F-AF3C4303EF98}.Debug|Any CPU.ActiveCfg = Debug|Any CPU
		{FE3FD025-540A-4411-A81F-AF3C4303EF98}.Debug|Any CPU.Build.0 = Debug|Any CPU
		{FE3FD025-540A-4411-A81F-AF3C4303EF98}.Release|Any CPU.ActiveCfg = Release|Any CPU
		{FE3FD025-540A-4411-A81F-AF3C4303EF98}.Release|Any CPU.Build.0 = Release|Any CPU
		{0FE33ED8-D8CC-4586-8A3D-290E44DE7EB7}.Debug|Any CPU.ActiveCfg = Debug|Any CPU
		{0FE33ED8-D8CC-4586-8A3D-290E44DE7EB7}.Debug|Any CPU.Build.0 = Debug|Any CPU
		{0FE33ED8-D8CC-4586-8A3D-290E44DE7EB7}.Release|Any CPU.ActiveCfg = Release|Any CPU
		{0FE33ED8-D8CC-4586-8A3D-290E44DE7EB7}.Release|Any CPU.Build.0 = Release|Any CPU
		{0D091E66-350C-4EB0-B3D4-B63786ADA84F}.Debug|Any CPU.ActiveCfg = Debug|Any CPU
		{0D091E66-350C-4EB0-B3D4-B63786ADA84F}.Debug|Any CPU.Build.0 = Debug|Any CPU
		{0D091E66-350C-4EB0-B3D4-B63786ADA84F}.Release|Any CPU.ActiveCfg = Release|Any CPU
		{0D091E66-350C-4EB0-B3D4-B63786ADA84F}.Release|Any CPU.Build.0 = Release|Any CPU
	EndGlobalSection
	GlobalSection(SolutionProperties) = preSolution
		HideSolutionNode = FALSE
	EndGlobalSection
	GlobalSection(ExtensibilityGlobals) = postSolution
		SolutionGuid = {45538D39-8F49-4FB7-A9F4-5A82E4D8734E}
	EndGlobalSection
EndGlobal
